
Microsoft Visual Studio Solution File, Format Version 12.00
# Visual Studio Version 16
VisualStudioVersion = 16.0.30804.86
MinimumVisualStudioVersion = 10.0.40219.1
Project("{FAE04EC0-301F-11D3-BF4B-00C04F79EFBC}") = "Web", "Web\Web.csproj", "{BD545855-8487-43C7-A856-D53ED8009B00}"
EndProject
Global
	GlobalSection(SolutionConfigurationPlatforms) = preSolution
		Debug|Any CPU = Debug|Any CPU
		Release|Any CPU = Release|Any CPU
	EndGlobalSection
	GlobalSection(ProjectConfigurationPlatforms) = postSolution
		{BD545855-8487-43C7-A856-D53ED8009B00}.Debug|Any CPU.ActiveCfg = Debug|Any CPU
		{BD545855-8487-43C7-A856-D53ED8009B00}.Debug|Any CPU.Build.0 = Debug|Any CPU
		{BD545855-8487-43C7-A856-D53ED8009B00}.Release|Any CPU.ActiveCfg = Release|Any CPU
		{BD545855-8487-43C7-A856-D53ED8009B00}.Release|Any CPU.Build.0 = Release|Any CPU
	EndGlobalSection
	GlobalSection(SolutionProperties) = preSolution
		HideSolutionNode = FALSE
	EndGlobalSection
	GlobalSection(ExtensibilityGlobals) = postSolution
		SolutionGuid = {A3007415-BEAA-4506-889E-D1A9A811E992}
	EndGlobalSection
EndGlobal
